
Microsoft Visual Studio Solution File, Format Version 12.00
# Visual Studio Version 16
VisualStudioVersion = 16.0.31205.134
MinimumVisualStudioVersion = 10.0.40219.1
Project("{9A19103F-16F7-4668-BE54-9A1E7A4F7556}") = "WebHomeFinance", "WebHomeFinance.csproj", "{9AA15CB6-89FF-4ECE-BB9F-9B236AE7C3EF}"
EndProject
Project("{9A19103F-16F7-4668-BE54-9A1E7A4F7556}") = "WebHomeFinanceUI", "..\WebHomeFinanceUI\WebHomeFinanceUI.csproj", "{92849C24-9DC5-4AD0-B579-94FC391EAC88}"
EndProject
Global
	GlobalSection(SolutionConfigurationPlatforms) = preSolution
		Debug|Any CPU = Debug|Any CPU
		Release|Any CPU = Release|Any CPU
	EndGlobalSection
	GlobalSection(ProjectConfigurationPlatforms) = postSolution
		{9AA15CB6-89FF-4ECE-BB9F-9B236AE7C3EF}.Debug|Any CPU.ActiveCfg = Debug|Any CPU
		{9AA15CB6-89FF-4ECE-BB9F-9B236AE7C3EF}.Debug|Any CPU.Build.0 = Debug|Any CPU
		{9AA15CB6-89FF-4ECE-BB9F-9B236AE7C3EF}.Release|Any CPU.ActiveCfg = Release|Any CPU
		{9AA15CB6-89FF-4ECE-BB9F-9B236AE7C3EF}.Release|Any CPU.Build.0 = Release|Any CPU
		{92849C24-9DC5-4AD0-B579-94FC391EAC88}.Debug|Any CPU.ActiveCfg = Debug|Any CPU
		{92849C24-9DC5-4AD0-B579-94FC391EAC88}.Debug|Any CPU.Build.0 = Debug|Any CPU
		{92849C24-9DC5-4AD0-B579-94FC391EAC88}.Release|Any CPU.ActiveCfg = Release|Any CPU
		{92849C24-9DC5-4AD0-B579-94FC391EAC88}.Release|Any CPU.Build.0 = Release|Any CPU
	EndGlobalSection
	GlobalSection(SolutionProperties) = preSolution
		HideSolutionNode = FALSE
	EndGlobalSection
	GlobalSection(ExtensibilityGlobals) = postSolution
		SolutionGuid = {4E142D1F-36EB-4640-B38F-EBCD0ADAE35E}
	EndGlobalSection
EndGlobal
